
Microsoft Visual Studio Solution File, Format Version 12.00
# Visual Studio Version 17
VisualStudioVersion = 17.10.35027.167
MinimumVisualStudioVersion = 10.0.40219.1
Project("{FAE04EC0-301F-11D3-BF4B-00C04F79EFBC}") = "VERIFICA_APRILE_BOSCHI", "VERIFICA_APRILE_BOSCHI\VERIFICA_APRILE_BOSCHI.csproj", "{226EF2FF-FFEA-466C-BA22-AAC36EFBF74E}"
EndProject
Global
	GlobalSection(SolutionConfigurationPlatforms) = preSolution
		Debug|Any CPU = Debug|Any CPU
		Release|Any CPU = Release|Any CPU
	EndGlobalSection
	GlobalSection(ProjectConfigurationPlatforms) = postSolution
		{226EF2FF-FFEA-466C-BA22-AAC36EFBF74E}.Debug|Any CPU.ActiveCfg = Debug|Any CPU
		{226EF2FF-FFEA-466C-BA22-AAC36EFBF74E}.Debug|Any CPU.Build.0 = Debug|Any CPU
		{226EF2FF-FFEA-466C-BA22-AAC36EFBF74E}.Release|Any CPU.ActiveCfg = Release|Any CPU
		{226EF2FF-FFEA-466C-BA22-AAC36EFBF74E}.Release|Any CPU.Build.0 = Release|Any CPU
	EndGlobalSection
	GlobalSection(SolutionProperties) = preSolution
		HideSolutionNode = FALSE
	EndGlobalSection
	GlobalSection(ExtensibilityGlobals) = postSolution
		SolutionGuid = {B8C9D762-4460-4065-8943-523787DA44B6}
	EndGlobalSection
EndGlobal
