
Microsoft Visual Studio Solution File, Format Version 12.00
# Visual Studio Version 17
VisualStudioVersion = 17.12.35707.178 d17.12
MinimumVisualStudioVersion = 10.0.40219.1
Project("{FAE04EC0-301F-11D3-BF4B-00C04F79EFBC}") = "Talpa", "Talpa\Talpa.csproj", "{2CD8FA70-1435-40DB-8E0D-013AF8DE6EB1}"
EndProject
Project("{FAE04EC0-301F-11D3-BF4B-00C04F79EFBC}") = "TalpaWpf", "TalpaWpf\TalpaWpf.csproj", "{5DCF806F-73DA-4AC0-99A9-F5D0A9592256}"
EndProject
Global
	GlobalSection(SolutionConfigurationPlatforms) = preSolution
		Debug|Any CPU = Debug|Any CPU
		Release|Any CPU = Release|Any CPU
	EndGlobalSection
	GlobalSection(ProjectConfigurationPlatforms) = postSolution
		{2CD8FA70-1435-40DB-8E0D-013AF8DE6EB1}.Debug|Any CPU.ActiveCfg = Debug|Any CPU
		{2CD8FA70-1435-40DB-8E0D-013AF8DE6EB1}.Debug|Any CPU.Build.0 = Debug|Any CPU
		{2CD8FA70-1435-40DB-8E0D-013AF8DE6EB1}.Release|Any CPU.ActiveCfg = Release|Any CPU
		{2CD8FA70-1435-40DB-8E0D-013AF8DE6EB1}.Release|Any CPU.Build.0 = Release|Any CPU
		{5DCF806F-73DA-4AC0-99A9-F5D0A9592256}.Debug|Any CPU.ActiveCfg = Debug|Any CPU
		{5DCF806F-73DA-4AC0-99A9-F5D0A9592256}.Debug|Any CPU.Build.0 = Debug|Any CPU
		{5DCF806F-73DA-4AC0-99A9-F5D0A9592256}.Release|Any CPU.ActiveCfg = Release|Any CPU
		{5DCF806F-73DA-4AC0-99A9-F5D0A9592256}.Release|Any CPU.Build.0 = Release|Any CPU
	EndGlobalSection
	GlobalSection(SolutionProperties) = preSolution
		HideSolutionNode = FALSE
	EndGlobalSection
EndGlobal
