
Microsoft Visual Studio Solution File, Format Version 12.00
# Visual Studio Version 17
VisualStudioVersion = 17.10.35027.167
MinimumVisualStudioVersion = 10.0.40219.1
Project("{FAE04EC0-301F-11D3-BF4B-00C04F79EFBC}") = "TimeManagment", "TimeManagment\TimeManagment.csproj", "{35FAA437-2E2D-4E61-AD63-88CCF09BE060}"
EndProject
Project("{FAE04EC0-301F-11D3-BF4B-00C04F79EFBC}") = "TimeManagmentTests", "TimeManagmentTests\TimeManagmentTests.csproj", "{C7F4795B-A542-42F5-BC72-981AC7E77107}"
EndProject
Global
	GlobalSection(SolutionConfigurationPlatforms) = preSolution
		Debug|Any CPU = Debug|Any CPU
		Release|Any CPU = Release|Any CPU
	EndGlobalSection
	GlobalSection(ProjectConfigurationPlatforms) = postSolution
		{35FAA437-2E2D-4E61-AD63-88CCF09BE060}.Debug|Any CPU.ActiveCfg = Debug|Any CPU
		{35FAA437-2E2D-4E61-AD63-88CCF09BE060}.Debug|Any CPU.Build.0 = Debug|Any CPU
		{35FAA437-2E2D-4E61-AD63-88CCF09BE060}.Release|Any CPU.ActiveCfg = Release|Any CPU
		{35FAA437-2E2D-4E61-AD63-88CCF09BE060}.Release|Any CPU.Build.0 = Release|Any CPU
		{C7F4795B-A542-42F5-BC72-981AC7E77107}.Debug|Any CPU.ActiveCfg = Debug|Any CPU
		{C7F4795B-A542-42F5-BC72-981AC7E77107}.Debug|Any CPU.Build.0 = Debug|Any CPU
		{C7F4795B-A542-42F5-BC72-981AC7E77107}.Release|Any CPU.ActiveCfg = Release|Any CPU
		{C7F4795B-A542-42F5-BC72-981AC7E77107}.Release|Any CPU.Build.0 = Release|Any CPU
	EndGlobalSection
	GlobalSection(SolutionProperties) = preSolution
		HideSolutionNode = FALSE
	EndGlobalSection
	GlobalSection(ExtensibilityGlobals) = postSolution
		SolutionGuid = {E91AA3FB-44A3-4E61-8853-3061E937B821}
	EndGlobalSection
EndGlobal
