
Microsoft Visual Studio Solution File, Format Version 12.00
# Visual Studio Version 17
VisualStudioVersion = 17.14.36212.18 d17.14
MinimumVisualStudioVersion = 10.0.40219.1
Project("{FAE04EC0-301F-11D3-BF4B-00C04F79EFBC}") = "Boschi_VerificaInfo_11-12-2025", "Boschi_VerificaInfo_11-12-2025\Boschi_VerificaInfo_11-12-2025.csproj", "{219971AF-F16C-4B27-A388-22B1ABC798AD}"
EndProject
Global
	GlobalSection(SolutionConfigurationPlatforms) = preSolution
		Debug|Any CPU = Debug|Any CPU
		Release|Any CPU = Release|Any CPU
	EndGlobalSection
	GlobalSection(ProjectConfigurationPlatforms) = postSolution
		{219971AF-F16C-4B27-A388-22B1ABC798AD}.Debug|Any CPU.ActiveCfg = Debug|Any CPU
		{219971AF-F16C-4B27-A388-22B1ABC798AD}.Debug|Any CPU.Build.0 = Debug|Any CPU
		{219971AF-F16C-4B27-A388-22B1ABC798AD}.Release|Any CPU.ActiveCfg = Release|Any CPU
		{219971AF-F16C-4B27-A388-22B1ABC798AD}.Release|Any CPU.Build.0 = Release|Any CPU
	EndGlobalSection
	GlobalSection(SolutionProperties) = preSolution
		HideSolutionNode = FALSE
	EndGlobalSection
	GlobalSection(ExtensibilityGlobals) = postSolution
		SolutionGuid = {9B07EA87-DD35-4C2B-9618-5A1C192436E3}
	EndGlobalSection
EndGlobal
