
Microsoft Visual Studio Solution File, Format Version 12.00
# Visual Studio Version 17
VisualStudioVersion = 17.8.35230.98
MinimumVisualStudioVersion = 10.0.40219.1
Project("{FAE04EC0-301F-11D3-BF4B-00C04F79EFBC}") = "Geometria", "Geometria\Geometria.csproj", "{579232DA-9206-4676-A685-F5BC3FC87648}"
EndProject
Global
	GlobalSection(SolutionConfigurationPlatforms) = preSolution
		Debug|Any CPU = Debug|Any CPU
		Release|Any CPU = Release|Any CPU
	EndGlobalSection
	GlobalSection(ProjectConfigurationPlatforms) = postSolution
		{579232DA-9206-4676-A685-F5BC3FC87648}.Debug|Any CPU.ActiveCfg = Debug|Any CPU
		{579232DA-9206-4676-A685-F5BC3FC87648}.Debug|Any CPU.Build.0 = Debug|Any CPU
		{579232DA-9206-4676-A685-F5BC3FC87648}.Release|Any CPU.ActiveCfg = Release|Any CPU
		{579232DA-9206-4676-A685-F5BC3FC87648}.Release|Any CPU.Build.0 = Release|Any CPU
	EndGlobalSection
	GlobalSection(SolutionProperties) = preSolution
		HideSolutionNode = FALSE
	EndGlobalSection
	GlobalSection(ExtensibilityGlobals) = postSolution
		SolutionGuid = {924100B3-1CA9-479D-85CF-5784C8E8C09B}
	EndGlobalSection
EndGlobal
