
Microsoft Visual Studio Solution File, Format Version 12.00
# Visual Studio Version 17
VisualStudioVersion = 17.10.35027.167
MinimumVisualStudioVersion = 10.0.40219.1
Project("{9A19103F-16F7-4668-BE54-9A1E7A4F7556}") = "Ramino", "Ramino\Ramino.csproj", "{2E868534-EC6D-451E-87A4-D14164F1E887}"
EndProject
Project("{FAE04EC0-301F-11D3-BF4B-00C04F79EFBC}") = "RaminoConsole", "RaminoConsole\RaminoConsole.csproj", "{C4C71112-B705-464E-85B0-517B511EB797}"
EndProject
Global
	GlobalSection(SolutionConfigurationPlatforms) = preSolution
		Debug|Any CPU = Debug|Any CPU
		Release|Any CPU = Release|Any CPU
	EndGlobalSection
	GlobalSection(ProjectConfigurationPlatforms) = postSolution
		{2E868534-EC6D-451E-87A4-D14164F1E887}.Debug|Any CPU.ActiveCfg = Debug|Any CPU
		{2E868534-EC6D-451E-87A4-D14164F1E887}.Debug|Any CPU.Build.0 = Debug|Any CPU
		{2E868534-EC6D-451E-87A4-D14164F1E887}.Release|Any CPU.ActiveCfg = Release|Any CPU
		{2E868534-EC6D-451E-87A4-D14164F1E887}.Release|Any CPU.Build.0 = Release|Any CPU
		{C4C71112-B705-464E-85B0-517B511EB797}.Debug|Any CPU.ActiveCfg = Debug|Any CPU
		{C4C71112-B705-464E-85B0-517B511EB797}.Debug|Any CPU.Build.0 = Debug|Any CPU
		{C4C71112-B705-464E-85B0-517B511EB797}.Release|Any CPU.ActiveCfg = Release|Any CPU
		{C4C71112-B705-464E-85B0-517B511EB797}.Release|Any CPU.Build.0 = Release|Any CPU
	EndGlobalSection
	GlobalSection(SolutionProperties) = preSolution
		HideSolutionNode = FALSE
	EndGlobalSection
	GlobalSection(ExtensibilityGlobals) = postSolution
		SolutionGuid = {4120404D-4D33-4276-B201-9A09F4C2AB2D}
	EndGlobalSection
EndGlobal
