
Microsoft Visual Studio Solution File, Format Version 12.00
# Visual Studio Version 17
VisualStudioVersion = 17.12.35707.178 d17.12
MinimumVisualStudioVersion = 10.0.40219.1
Project("{FAE04EC0-301F-11D3-BF4B-00C04F79EFBC}") = "Gattile", "Gattile\Gattile.csproj", "{04422645-C122-48AE-95A7-9C71B9AAE173}"
EndProject
Project("{FAE04EC0-301F-11D3-BF4B-00C04F79EFBC}") = "GattileLib", "GattileLib\GattileLib.csproj", "{3B86170F-59B5-4667-B60F-C50162A77BE0}"
EndProject
Global
	GlobalSection(SolutionConfigurationPlatforms) = preSolution
		Debug|Any CPU = Debug|Any CPU
		Release|Any CPU = Release|Any CPU
	EndGlobalSection
	GlobalSection(ProjectConfigurationPlatforms) = postSolution
		{04422645-C122-48AE-95A7-9C71B9AAE173}.Debug|Any CPU.ActiveCfg = Debug|Any CPU
		{04422645-C122-48AE-95A7-9C71B9AAE173}.Debug|Any CPU.Build.0 = Debug|Any CPU
		{04422645-C122-48AE-95A7-9C71B9AAE173}.Release|Any CPU.ActiveCfg = Release|Any CPU
		{04422645-C122-48AE-95A7-9C71B9AAE173}.Release|Any CPU.Build.0 = Release|Any CPU
		{3B86170F-59B5-4667-B60F-C50162A77BE0}.Debug|Any CPU.ActiveCfg = Debug|Any CPU
		{3B86170F-59B5-4667-B60F-C50162A77BE0}.Debug|Any CPU.Build.0 = Debug|Any CPU
		{3B86170F-59B5-4667-B60F-C50162A77BE0}.Release|Any CPU.ActiveCfg = Release|Any CPU
		{3B86170F-59B5-4667-B60F-C50162A77BE0}.Release|Any CPU.Build.0 = Release|Any CPU
	EndGlobalSection
	GlobalSection(SolutionProperties) = preSolution
		HideSolutionNode = FALSE
	EndGlobalSection
EndGlobal
