
Microsoft Visual Studio Solution File, Format Version 12.00
# Visual Studio Version 17
VisualStudioVersion = 17.12.35707.178 d17.12
MinimumVisualStudioVersion = 10.0.40219.1
Project("{FAE04EC0-301F-11D3-BF4B-00C04F79EFBC}") = "Numbers", "Numbers\Numbers.csproj", "{F71AF00C-C386-416E-A1BA-83C2BC0B0B99}"
EndProject
Project("{FAE04EC0-301F-11D3-BF4B-00C04F79EFBC}") = "NumberClasses", "NumberClasses\NumberClasses.csproj", "{D886C622-834A-451B-B4B0-F0D22EF8DB07}"
EndProject
Project("{FAE04EC0-301F-11D3-BF4B-00C04F79EFBC}") = "NumbersConsole", "NumbersConsole\NumbersConsole.csproj", "{0AFDD42B-C4A5-426E-A753-5EA9345F69C7}"
EndProject
Global
	GlobalSection(SolutionConfigurationPlatforms) = preSolution
		Debug|Any CPU = Debug|Any CPU
		Release|Any CPU = Release|Any CPU
	EndGlobalSection
	GlobalSection(ProjectConfigurationPlatforms) = postSolution
		{F71AF00C-C386-416E-A1BA-83C2BC0B0B99}.Debug|Any CPU.ActiveCfg = Debug|Any CPU
		{F71AF00C-C386-416E-A1BA-83C2BC0B0B99}.Debug|Any CPU.Build.0 = Debug|Any CPU
		{F71AF00C-C386-416E-A1BA-83C2BC0B0B99}.Release|Any CPU.ActiveCfg = Release|Any CPU
		{F71AF00C-C386-416E-A1BA-83C2BC0B0B99}.Release|Any CPU.Build.0 = Release|Any CPU
		{D886C622-834A-451B-B4B0-F0D22EF8DB07}.Debug|Any CPU.ActiveCfg = Debug|Any CPU
		{D886C622-834A-451B-B4B0-F0D22EF8DB07}.Debug|Any CPU.Build.0 = Debug|Any CPU
		{D886C622-834A-451B-B4B0-F0D22EF8DB07}.Release|Any CPU.ActiveCfg = Release|Any CPU
		{D886C622-834A-451B-B4B0-F0D22EF8DB07}.Release|Any CPU.Build.0 = Release|Any CPU
		{0AFDD42B-C4A5-426E-A753-5EA9345F69C7}.Debug|Any CPU.ActiveCfg = Debug|Any CPU
		{0AFDD42B-C4A5-426E-A753-5EA9345F69C7}.Debug|Any CPU.Build.0 = Debug|Any CPU
		{0AFDD42B-C4A5-426E-A753-5EA9345F69C7}.Release|Any CPU.ActiveCfg = Release|Any CPU
		{0AFDD42B-C4A5-426E-A753-5EA9345F69C7}.Release|Any CPU.Build.0 = Release|Any CPU
	EndGlobalSection
	GlobalSection(SolutionProperties) = preSolution
		HideSolutionNode = FALSE
	EndGlobalSection
EndGlobal
