
Microsoft Visual Studio Solution File, Format Version 12.00
# Visual Studio Version 17
VisualStudioVersion = 17.10.35027.167
MinimumVisualStudioVersion = 10.0.40219.1
Project("{FAE04EC0-301F-11D3-BF4B-00C04F79EFBC}") = "EsempioWpf", "EsempioWpf\EsempioWpf.csproj", "{C26AA436-32BE-4922-A69A-2DF2E8E0DD9E}"
EndProject
Global
	GlobalSection(SolutionConfigurationPlatforms) = preSolution
		Debug|Any CPU = Debug|Any CPU
		Release|Any CPU = Release|Any CPU
	EndGlobalSection
	GlobalSection(ProjectConfigurationPlatforms) = postSolution
		{C26AA436-32BE-4922-A69A-2DF2E8E0DD9E}.Debug|Any CPU.ActiveCfg = Debug|Any CPU
		{C26AA436-32BE-4922-A69A-2DF2E8E0DD9E}.Debug|Any CPU.Build.0 = Debug|Any CPU
		{C26AA436-32BE-4922-A69A-2DF2E8E0DD9E}.Release|Any CPU.ActiveCfg = Release|Any CPU
		{C26AA436-32BE-4922-A69A-2DF2E8E0DD9E}.Release|Any CPU.Build.0 = Release|Any CPU
	EndGlobalSection
	GlobalSection(SolutionProperties) = preSolution
		HideSolutionNode = FALSE
	EndGlobalSection
	GlobalSection(ExtensibilityGlobals) = postSolution
		SolutionGuid = {1AF7E4F3-2F87-4372-BB5B-F1797E1A5ACB}
	EndGlobalSection
EndGlobal
