
Microsoft Visual Studio Solution File, Format Version 12.00
# Visual Studio Version 17
VisualStudioVersion = 17.10.35027.167
MinimumVisualStudioVersion = 10.0.40219.1
Project("{FAE04EC0-301F-11D3-BF4B-00C04F79EFBC}") = "Show", "Spettacolo\Show.csproj", "{515DB997-97E9-48E8-8B38-24852510B454}"
EndProject
Project("{FAE04EC0-301F-11D3-BF4B-00C04F79EFBC}") = "TestShow", "TestShow\TestShow.csproj", "{EA89D36B-A651-41A9-A6A4-54E34FBABCA9}"
EndProject
Project("{FAE04EC0-301F-11D3-BF4B-00C04F79EFBC}") = "MainShow", "MainShow\MainShow.csproj", "{2AC47B73-21F2-4D59-B351-B0EE4F8D85E3}"
EndProject
Global
	GlobalSection(SolutionConfigurationPlatforms) = preSolution
		Debug|Any CPU = Debug|Any CPU
		Release|Any CPU = Release|Any CPU
	EndGlobalSection
	GlobalSection(ProjectConfigurationPlatforms) = postSolution
		{515DB997-97E9-48E8-8B38-24852510B454}.Debug|Any CPU.ActiveCfg = Debug|Any CPU
		{515DB997-97E9-48E8-8B38-24852510B454}.Debug|Any CPU.Build.0 = Debug|Any CPU
		{515DB997-97E9-48E8-8B38-24852510B454}.Release|Any CPU.ActiveCfg = Release|Any CPU
		{515DB997-97E9-48E8-8B38-24852510B454}.Release|Any CPU.Build.0 = Release|Any CPU
		{EA89D36B-A651-41A9-A6A4-54E34FBABCA9}.Debug|Any CPU.ActiveCfg = Debug|Any CPU
		{EA89D36B-A651-41A9-A6A4-54E34FBABCA9}.Debug|Any CPU.Build.0 = Debug|Any CPU
		{EA89D36B-A651-41A9-A6A4-54E34FBABCA9}.Release|Any CPU.ActiveCfg = Release|Any CPU
		{EA89D36B-A651-41A9-A6A4-54E34FBABCA9}.Release|Any CPU.Build.0 = Release|Any CPU
		{2AC47B73-21F2-4D59-B351-B0EE4F8D85E3}.Debug|Any CPU.ActiveCfg = Debug|Any CPU
		{2AC47B73-21F2-4D59-B351-B0EE4F8D85E3}.Debug|Any CPU.Build.0 = Debug|Any CPU
		{2AC47B73-21F2-4D59-B351-B0EE4F8D85E3}.Release|Any CPU.ActiveCfg = Release|Any CPU
		{2AC47B73-21F2-4D59-B351-B0EE4F8D85E3}.Release|Any CPU.Build.0 = Release|Any CPU
	EndGlobalSection
	GlobalSection(SolutionProperties) = preSolution
		HideSolutionNode = FALSE
	EndGlobalSection
	GlobalSection(ExtensibilityGlobals) = postSolution
		SolutionGuid = {ACB54813-4728-4293-A14D-8A8D2576627C}
	EndGlobalSection
EndGlobal
