
Microsoft Visual Studio Solution File, Format Version 12.00
# Visual Studio Version 17
VisualStudioVersion = 17.10.35027.167
MinimumVisualStudioVersion = 10.0.40219.1
Project("{FAE04EC0-301F-11D3-BF4B-00C04F79EFBC}") = "Dice_and_Statistics", "Dice_and_Statistics\Dice_and_Statistics.csproj", "{EB6594E0-6185-40B8-8B85-346060DA599B}"
EndProject
Global
	GlobalSection(SolutionConfigurationPlatforms) = preSolution
		Debug|Any CPU = Debug|Any CPU
		Release|Any CPU = Release|Any CPU
	EndGlobalSection
	GlobalSection(ProjectConfigurationPlatforms) = postSolution
		{EB6594E0-6185-40B8-8B85-346060DA599B}.Debug|Any CPU.ActiveCfg = Debug|Any CPU
		{EB6594E0-6185-40B8-8B85-346060DA599B}.Debug|Any CPU.Build.0 = Debug|Any CPU
		{EB6594E0-6185-40B8-8B85-346060DA599B}.Release|Any CPU.ActiveCfg = Release|Any CPU
		{EB6594E0-6185-40B8-8B85-346060DA599B}.Release|Any CPU.Build.0 = Release|Any CPU
	EndGlobalSection
	GlobalSection(SolutionProperties) = preSolution
		HideSolutionNode = FALSE
	EndGlobalSection
	GlobalSection(ExtensibilityGlobals) = postSolution
		SolutionGuid = {55E7458C-96A8-428F-AD7E-F01A8B7D39D4}
	EndGlobalSection
EndGlobal
