
Microsoft Visual Studio Solution File, Format Version 12.00
# Visual Studio Version 17
VisualStudioVersion = 17.10.35027.167
MinimumVisualStudioVersion = 10.0.40219.1
Project("{FAE04EC0-301F-11D3-BF4B-00C04F79EFBC}") = "Ceasar_Cipher", "Ceasar_Cipher\Ceasar_Cipher.csproj", "{C10D6042-A183-41D5-8C64-3FAE55782DCA}"
EndProject
Project("{FAE04EC0-301F-11D3-BF4B-00C04F79EFBC}") = "Ceaser_Cipher_Wpf", "Ceaser_Cipher_Wpf\Ceaser_Cipher_Wpf.csproj", "{190F4FE5-D706-4792-9C7E-7DEE2822C666}"
EndProject
Global
	GlobalSection(SolutionConfigurationPlatforms) = preSolution
		Debug|Any CPU = Debug|Any CPU
		Release|Any CPU = Release|Any CPU
	EndGlobalSection
	GlobalSection(ProjectConfigurationPlatforms) = postSolution
		{C10D6042-A183-41D5-8C64-3FAE55782DCA}.Debug|Any CPU.ActiveCfg = Debug|Any CPU
		{C10D6042-A183-41D5-8C64-3FAE55782DCA}.Debug|Any CPU.Build.0 = Debug|Any CPU
		{C10D6042-A183-41D5-8C64-3FAE55782DCA}.Release|Any CPU.ActiveCfg = Release|Any CPU
		{C10D6042-A183-41D5-8C64-3FAE55782DCA}.Release|Any CPU.Build.0 = Release|Any CPU
		{190F4FE5-D706-4792-9C7E-7DEE2822C666}.Debug|Any CPU.ActiveCfg = Debug|Any CPU
		{190F4FE5-D706-4792-9C7E-7DEE2822C666}.Debug|Any CPU.Build.0 = Debug|Any CPU
		{190F4FE5-D706-4792-9C7E-7DEE2822C666}.Release|Any CPU.ActiveCfg = Release|Any CPU
		{190F4FE5-D706-4792-9C7E-7DEE2822C666}.Release|Any CPU.Build.0 = Release|Any CPU
	EndGlobalSection
	GlobalSection(SolutionProperties) = preSolution
		HideSolutionNode = FALSE
	EndGlobalSection
	GlobalSection(ExtensibilityGlobals) = postSolution
		SolutionGuid = {354D496B-2867-4A3C-B5AA-356047E29F7C}
	EndGlobalSection
EndGlobal
