
Microsoft Visual Studio Solution File, Format Version 12.00
# Visual Studio Version 17
VisualStudioVersion = 17.12.35707.178 d17.12
MinimumVisualStudioVersion = 10.0.40219.1
Project("{FAE04EC0-301F-11D3-BF4B-00C04F79EFBC}") = "Multe", "Multe\Multe.csproj", "{4A87BB66-A574-49D3-ABC8-4776B57582F7}"
EndProject
Project("{FAE04EC0-301F-11D3-BF4B-00C04F79EFBC}") = "Carabinieri", "Caserma\Carabinieri.csproj", "{CA4F1A1A-4798-4660-A62A-996FD1E613EE}"
EndProject
Global
	GlobalSection(SolutionConfigurationPlatforms) = preSolution
		Debug|Any CPU = Debug|Any CPU
		Release|Any CPU = Release|Any CPU
	EndGlobalSection
	GlobalSection(ProjectConfigurationPlatforms) = postSolution
		{4A87BB66-A574-49D3-ABC8-4776B57582F7}.Debug|Any CPU.ActiveCfg = Debug|Any CPU
		{4A87BB66-A574-49D3-ABC8-4776B57582F7}.Debug|Any CPU.Build.0 = Debug|Any CPU
		{4A87BB66-A574-49D3-ABC8-4776B57582F7}.Release|Any CPU.ActiveCfg = Release|Any CPU
		{4A87BB66-A574-49D3-ABC8-4776B57582F7}.Release|Any CPU.Build.0 = Release|Any CPU
		{CA4F1A1A-4798-4660-A62A-996FD1E613EE}.Debug|Any CPU.ActiveCfg = Debug|Any CPU
		{CA4F1A1A-4798-4660-A62A-996FD1E613EE}.Debug|Any CPU.Build.0 = Debug|Any CPU
		{CA4F1A1A-4798-4660-A62A-996FD1E613EE}.Release|Any CPU.ActiveCfg = Release|Any CPU
		{CA4F1A1A-4798-4660-A62A-996FD1E613EE}.Release|Any CPU.Build.0 = Release|Any CPU
	EndGlobalSection
	GlobalSection(SolutionProperties) = preSolution
		HideSolutionNode = FALSE
	EndGlobalSection
EndGlobal
